PODS:
  - Kingfisher (5.0.0)
  - lottie-ios (2.5.2)

DEPENDENCIES:
  - Kingfisher (~> 5.0)
  - lottie-ios

SPEC REPOS:
  https://github.com/cocoapods/specs.git:
    - Kingfisher
    - lottie-ios

SPEC CHECKSUMS:
  Kingfisher: 2b0dd651e4fe5a07305b8242fde56f8e2d410f58
  lottie-ios: 3fef45d3fabe63e3c7c2eb603dd64ddfffc73062

PODFILE CHECKSUM: d4d636b8a32567952dbd9845136bf26ad6340a60

COCOAPODS: 1.6.1
